
Microsoft Visual Studio Solution File, Format Version 12.00
# Visual Studio Version 16
VisualStudioVersion = 16.0.30907.101
MinimumVisualStudioVersion = 10.0.40219.1
Project("{8BC9CEB8-8B4A-11D0-8D11-00A0C91BC942}") = "P5Q4", "P5Q4\P5Q4.vcxproj", "{1575D10B-B9EB-4DBA-9C25-317C34D07E05}"
EndProject
Global
	GlobalSection(SolutionConfigurationPlatforms) = preSolution
		Debug|x64 = Debug|x64
		Debug|x86 = Debug|x86
		Release|x64 = Release|x64
		Release|x86 = Release|x86
	EndGlobalSection
	GlobalSection(ProjectConfigurationPlatforms) = postSolution
		{1575D10B-B9EB-4DBA-9C25-317C34D07E05}.Debug|x64.ActiveCfg = Debug|x64
		{1575D10B-B9EB-4DBA-9C25-317C34D07E05}.Debug|x64.Build.0 = Debug|x64
		{1575D10B-B9EB-4DBA-9C25-317C34D07E05}.Debug|x86.ActiveCfg = Debug|Win32
		{1575D10B-B9EB-4DBA-9C25-317C34D07E05}.Debug|x86.Build.0 = Debug|Win32
		{1575D10B-B9EB-4DBA-9C25-317C34D07E05}.Release|x64.ActiveCfg = Release|x64
		{1575D10B-B9EB-4DBA-9C25-317C34D07E05}.Release|x64.Build.0 = Release|x64
		{1575D10B-B9EB-4DBA-9C25-317C34D07E05}.Release|x86.ActiveCfg = Release|Win32
		{1575D10B-B9EB-4DBA-9C25-317C34D07E05}.Release|x86.Build.0 = Release|Win32
	EndGlobalSection
	GlobalSection(SolutionProperties) = preSolution
		HideSolutionNode = FALSE
	EndGlobalSection
	GlobalSection(ExtensibilityGlobals) = postSolution
		SolutionGuid = {EE139BDA-FCD3-4D56-B0E9-7CFC90E047B5}
	EndGlobalSection
EndGlobal
