
Microsoft Visual Studio Solution File, Format Version 12.00
# Visual Studio Version 16
VisualStudioVersion = 16.0.30907.101
MinimumVisualStudioVersion = 10.0.40219.1
Project("{8BC9CEB8-8B4A-11D0-8D11-00A0C91BC942}") = "P7Q2", "P7Q2\P7Q2.vcxproj", "{E94C457D-5965-484A-AA54-FF4836C2603C}"
EndProject
Global
	GlobalSection(SolutionConfigurationPlatforms) = preSolution
		Debug|x64 = Debug|x64
		Debug|x86 = Debug|x86
		Release|x64 = Release|x64
		Release|x86 = Release|x86
	EndGlobalSection
	GlobalSection(ProjectConfigurationPlatforms) = postSolution
		{E94C457D-5965-484A-AA54-FF4836C2603C}.Debug|x64.ActiveCfg = Debug|x64
		{E94C457D-5965-484A-AA54-FF4836C2603C}.Debug|x64.Build.0 = Debug|x64
		{E94C457D-5965-484A-AA54-FF4836C2603C}.Debug|x86.ActiveCfg = Debug|Win32
		{E94C457D-5965-484A-AA54-FF4836C2603C}.Debug|x86.Build.0 = Debug|Win32
		{E94C457D-5965-484A-AA54-FF4836C2603C}.Release|x64.ActiveCfg = Release|x64
		{E94C457D-5965-484A-AA54-FF4836C2603C}.Release|x64.Build.0 = Release|x64
		{E94C457D-5965-484A-AA54-FF4836C2603C}.Release|x86.ActiveCfg = Release|Win32
		{E94C457D-5965-484A-AA54-FF4836C2603C}.Release|x86.Build.0 = Release|Win32
	EndGlobalSection
	GlobalSection(SolutionProperties) = preSolution
		HideSolutionNode = FALSE
	EndGlobalSection
	GlobalSection(ExtensibilityGlobals) = postSolution
		SolutionGuid = {12CDD4FF-5447-42E4-87BD-25CE998BF24A}
	EndGlobalSection
EndGlobal
