
Microsoft Visual Studio Solution File, Format Version 12.00
# Visual Studio Version 16
VisualStudioVersion = 16.0.30907.101
MinimumVisualStudioVersion = 10.0.40219.1
Project("{8BC9CEB8-8B4A-11D0-8D11-00A0C91BC942}") = "P6Q5", "P6Q5\P6Q5.vcxproj", "{8B6CFD7E-A61E-49BD-9E0C-9028CC5E529B}"
EndProject
Global
	GlobalSection(SolutionConfigurationPlatforms) = preSolution
		Debug|x64 = Debug|x64
		Debug|x86 = Debug|x86
		Release|x64 = Release|x64
		Release|x86 = Release|x86
	EndGlobalSection
	GlobalSection(ProjectConfigurationPlatforms) = postSolution
		{8B6CFD7E-A61E-49BD-9E0C-9028CC5E529B}.Debug|x64.ActiveCfg = Debug|x64
		{8B6CFD7E-A61E-49BD-9E0C-9028CC5E529B}.Debug|x64.Build.0 = Debug|x64
		{8B6CFD7E-A61E-49BD-9E0C-9028CC5E529B}.Debug|x86.ActiveCfg = Debug|Win32
		{8B6CFD7E-A61E-49BD-9E0C-9028CC5E529B}.Debug|x86.Build.0 = Debug|Win32
		{8B6CFD7E-A61E-49BD-9E0C-9028CC5E529B}.Release|x64.ActiveCfg = Release|x64
		{8B6CFD7E-A61E-49BD-9E0C-9028CC5E529B}.Release|x64.Build.0 = Release|x64
		{8B6CFD7E-A61E-49BD-9E0C-9028CC5E529B}.Release|x86.ActiveCfg = Release|Win32
		{8B6CFD7E-A61E-49BD-9E0C-9028CC5E529B}.Release|x86.Build.0 = Release|Win32
	EndGlobalSection
	GlobalSection(SolutionProperties) = preSolution
		HideSolutionNode = FALSE
	EndGlobalSection
	GlobalSection(ExtensibilityGlobals) = postSolution
		SolutionGuid = {D9030A2D-07A0-4A81-8C2E-38005B32BE04}
	EndGlobalSection
EndGlobal
