
Microsoft Visual Studio Solution File, Format Version 12.00
# Visual Studio Version 16
VisualStudioVersion = 16.0.30907.101
MinimumVisualStudioVersion = 10.0.40219.1
Project("{8BC9CEB8-8B4A-11D0-8D11-00A0C91BC942}") = "P5Q3", "P5Q3\P5Q3.vcxproj", "{7EAC20D2-A992-4034-9A79-007E51E9C5FC}"
EndProject
Global
	GlobalSection(SolutionConfigurationPlatforms) = preSolution
		Debug|x64 = Debug|x64
		Debug|x86 = Debug|x86
		Release|x64 = Release|x64
		Release|x86 = Release|x86
	EndGlobalSection
	GlobalSection(ProjectConfigurationPlatforms) = postSolution
		{7EAC20D2-A992-4034-9A79-007E51E9C5FC}.Debug|x64.ActiveCfg = Debug|x64
		{7EAC20D2-A992-4034-9A79-007E51E9C5FC}.Debug|x64.Build.0 = Debug|x64
		{7EAC20D2-A992-4034-9A79-007E51E9C5FC}.Debug|x86.ActiveCfg = Debug|Win32
		{7EAC20D2-A992-4034-9A79-007E51E9C5FC}.Debug|x86.Build.0 = Debug|Win32
		{7EAC20D2-A992-4034-9A79-007E51E9C5FC}.Release|x64.ActiveCfg = Release|x64
		{7EAC20D2-A992-4034-9A79-007E51E9C5FC}.Release|x64.Build.0 = Release|x64
		{7EAC20D2-A992-4034-9A79-007E51E9C5FC}.Release|x86.ActiveCfg = Release|Win32
		{7EAC20D2-A992-4034-9A79-007E51E9C5FC}.Release|x86.Build.0 = Release|Win32
	EndGlobalSection
	GlobalSection(SolutionProperties) = preSolution
		HideSolutionNode = FALSE
	EndGlobalSection
	GlobalSection(ExtensibilityGlobals) = postSolution
		SolutionGuid = {05731F40-5CEE-481B-8CFB-EB06D7B55A31}
	EndGlobalSection
EndGlobal
