
Microsoft Visual Studio Solution File, Format Version 12.00
# Visual Studio Version 16
VisualStudioVersion = 16.0.30907.101
MinimumVisualStudioVersion = 10.0.40219.1
Project("{8BC9CEB8-8B4A-11D0-8D11-00A0C91BC942}") = "P8Q2", "P8Q2\P8Q2.vcxproj", "{762C4912-4B46-4466-AF6F-07A4453E268D}"
EndProject
Global
	GlobalSection(SolutionConfigurationPlatforms) = preSolution
		Debug|x64 = Debug|x64
		Release|x64 = Release|x64
	EndGlobalSection
	GlobalSection(ProjectConfigurationPlatforms) = postSolution
		{762C4912-4B46-4466-AF6F-07A4453E268D}.Debug|x64.ActiveCfg = Debug|x64
		{762C4912-4B46-4466-AF6F-07A4453E268D}.Debug|x64.Build.0 = Debug|x64
		{762C4912-4B46-4466-AF6F-07A4453E268D}.Release|x64.ActiveCfg = Release|x64
		{762C4912-4B46-4466-AF6F-07A4453E268D}.Release|x64.Build.0 = Release|x64
	EndGlobalSection
	GlobalSection(SolutionProperties) = preSolution
		HideSolutionNode = FALSE
	EndGlobalSection
	GlobalSection(ExtensibilityGlobals) = postSolution
		SolutionGuid = {206B717F-71FD-4BE2-A6D2-0A8D81FBBB27}
	EndGlobalSection
EndGlobal
